// !$*UTF8*$!
{
	archiveVersion = 1;
	classes = {
	};
	objectVersion = 46;
	objects = {

/* Begin PBXBuildFile section */
		110914952480724C00D1E8EE /* gray3.txt in Resources */ = {isa = PBXBuildFile; fileRef = 110914942480724C00D1E8EE /* gray3.txt */; };
		430C520C1ED505DE00971849 /* CurrentWeather.swift in Sources */ = {isa = PBXBuildFile; fileRef = 430C520B1ED505DE00971849 /* CurrentWeather.swift */; };
		430C520E1ED557A400971849 /* WeatherImageFactory.swift in Sources */ = {isa = PBXBuildFile; fileRef = 430C520D1ED557A400971849 /* WeatherImageFactory.swift */; };
		430C52111ED55B9000971849 /* rain1.txt in Resources */ = {isa = PBXBuildFile; fileRef = 430C52101ED55B9000971849 /* rain1.txt */; };
		430C52131ED5609800971849 /* sun1.txt in Resources */ = {isa = PBXBuildFile; fileRef = 430C52121ED5609800971849 /* sun1.txt */; };
		430C52171ED5822500971849 /* WeatherLabel.swift in Sources */ = {isa = PBXBuildFile; fileRef = 430C52161ED5822500971849 /* WeatherLabel.swift */; };
		430C52191ED584CD00971849 /* Constants.swift in Sources */ = {isa = PBXBuildFile; fileRef = 430C52181ED584CD00971849 /* Constants.swift */; };
		430C521B1ED5F67800971849 /* sun2.txt in Resources */ = {isa = PBXBuildFile; fileRef = 430C521A1ED5F67800971849 /* sun2.txt */; };
		430C521D1ED5FA4B00971849 /* clouds1.txt in Resources */ = {isa = PBXBuildFile; fileRef = 430C521C1ED5FA4B00971849 /* clouds1.txt */; };
		430C521F1ED5FA6600971849 /* clouds2.txt in Resources */ = {isa = PBXBuildFile; fileRef = 430C521E1ED5FA6600971849 /* clouds2.txt */; };
		430C52211ED5FEEC00971849 /* DetailViewControllerForecast.swift in Sources */ = {isa = PBXBuildFile; fileRef = 430C52201ED5FEEC00971849 /* DetailViewControllerForecast.swift */; };
		430C52251ED6073100971849 /* rain3.txt in Resources */ = {isa = PBXBuildFile; fileRef = 430C52241ED6073100971849 /* rain3.txt */; };
		430C52271ED6093C00971849 /* fog1.txt in Resources */ = {isa = PBXBuildFile; fileRef = 430C52261ED6093C00971849 /* fog1.txt */; };
		430C52291ED60BA900971849 /* fog2.txt in Resources */ = {isa = PBXBuildFile; fileRef = 430C52281ED60BA900971849 /* fog2.txt */; };
		430C522B1ED6112900971849 /* DetailViewControllerWeather.swift in Sources */ = {isa = PBXBuildFile; fileRef = 430C522A1ED6112900971849 /* DetailViewControllerWeather.swift */; };
		430C52331ED6566200971849 /* gray1.txt in Resources */ = {isa = PBXBuildFile; fileRef = 430C52321ED6566200971849 /* gray1.txt */; };
		430C52351ED6566F00971849 /* gray2.txt in Resources */ = {isa = PBXBuildFile; fileRef = 430C52341ED6566F00971849 /* gray2.txt */; };
		4322A7F91ED66B5800F2FD64 /* rain4.txt in Resources */ = {isa = PBXBuildFile; fileRef = 4322A7F81ED66B5800F2FD64 /* rain4.txt */; };
		4322A7FB1ED66BFD00F2FD64 /* wind1.txt in Resources */ = {isa = PBXBuildFile; fileRef = 4322A7FA1ED66BFD00F2FD64 /* wind1.txt */; };
		4322A7FD1ED66C0600F2FD64 /* wind2.txt in Resources */ = {isa = PBXBuildFile; fileRef = 4322A7FC1ED66C0600F2FD64 /* wind2.txt */; };
		4322A7FF1ED6764400F2FD64 /* MasterCell.swift in Sources */ = {isa = PBXBuildFile; fileRef = 4322A7FE1ED6764400F2FD64 /* MasterCell.swift */; };
		4322A8011ED6820400F2FD64 /* tstorm1.txt in Resources */ = {isa = PBXBuildFile; fileRef = 4322A8001ED6820400F2FD64 /* tstorm1.txt */; };
		4322A8031ED6820B00F2FD64 /* tstorm2.txt in Resources */ = {isa = PBXBuildFile; fileRef = 4322A8021ED6820B00F2FD64 /* tstorm2.txt */; };
		4322A8051ED698AA00F2FD64 /* WeatherNavController.swift in Sources */ = {isa = PBXBuildFile; fileRef = 4322A8041ED698AA00F2FD64 /* WeatherNavController.swift */; };
		4322A8071ED69AAB00F2FD64 /* AnimateToWeatherDetailController.swift in Sources */ = {isa = PBXBuildFile; fileRef = 4322A8061ED69AAB00F2FD64 /* AnimateToWeatherDetailController.swift */; };
		4322A8091ED6A31100F2FD64 /* AnimateToForecastDetailController.swift in Sources */ = {isa = PBXBuildFile; fileRef = 4322A8081ED6A31100F2FD64 /* AnimateToForecastDetailController.swift */; };
		433266581EDB3583002641B2 /* rain6.txt in Resources */ = {isa = PBXBuildFile; fileRef = 433266571EDB3583002641B2 /* rain6.txt */; };
		4332665C1EDB37DA002641B2 /* clouds4.txt in Resources */ = {isa = PBXBuildFile; fileRef = 4332665B1EDB37DA002641B2 /* clouds4.txt */; };
		4332665E1EDB37E9002641B2 /* sun4.txt in Resources */ = {isa = PBXBuildFile; fileRef = 4332665D1EDB37E9002641B2 /* sun4.txt */; };
		433266B81EDF10C7002641B2 /* DateController.swift in Sources */ = {isa = PBXBuildFile; fileRef = 433266B71EDF10C7002641B2 /* DateController.swift */; };
		4384296E1EE4662100FA730A /* ClosureGestureRecognizer.swift in Sources */ = {isa = PBXBuildFile; fileRef = 4384296D1EE4662000FA730A /* ClosureGestureRecognizer.swift */; };
		438F70591ED730A70093986D /* clouds3.txt in Resources */ = {isa = PBXBuildFile; fileRef = 438F70581ED730A70093986D /* clouds3.txt */; };
		438F705B1ED730B40093986D /* sun3.txt in Resources */ = {isa = PBXBuildFile; fileRef = 438F705A1ED730B40093986D /* sun3.txt */; };
		438F705D1ED733310093986D /* snow1.txt in Resources */ = {isa = PBXBuildFile; fileRef = 438F705C1ED733310093986D /* snow1.txt */; };
		438F705F1ED7333B0093986D /* snow2.txt in Resources */ = {isa = PBXBuildFile; fileRef = 438F705E1ED7333B0093986D /* snow2.txt */; };
		438F70611ED73E110093986D /* InfoView.swift in Sources */ = {isa = PBXBuildFile; fileRef = 438F70601ED73E110093986D /* InfoView.swift */; };
		43C17D701ED8EC120045DD4F /* UtilityButton.swift in Sources */ = {isa = PBXBuildFile; fileRef = 43C17D6F1ED8EC120045DD4F /* UtilityButton.swift */; };
		43F2C0B71ED330A10023567A /* AppDelegate.swift in Sources */ = {isa = PBXBuildFile; fileRef = 43F2C0B61ED330A10023567A /* AppDelegate.swift */; };
		43F2C0B91ED330A10023567A /* ViewController.swift in Sources */ = {isa = PBXBuildFile; fileRef = 43F2C0B81ED330A10023567A /* ViewController.swift */; };
		43F2C0BC1ED330A10023567A /* Main.storyboard in Resources */ = {isa = PBXBuildFile; fileRef = 43F2C0BA1ED330A10023567A /* Main.storyboard */; };
		43F2C0BE1ED330A10023567A /* Assets.xcassets in Resources */ = {isa = PBXBuildFile; fileRef = 43F2C0BD1ED330A10023567A /* Assets.xcassets */; };
		43F2C0C11ED330A10023567A /* LaunchScreen.storyboard in Resources */ = {isa = PBXBuildFile; fileRef = 43F2C0BF1ED330A10023567A /* LaunchScreen.storyboard */; };
		43F2C0CC1ED330A10023567A /* ArtmospherezTests.swift in Sources */ = {isa = PBXBuildFile; fileRef = 43F2C0CB1ED330A10023567A /* ArtmospherezTests.swift */; };
		43F2C0D91ED338530023567A /* Secrets.swift in Sources */ = {isa = PBXBuildFile; fileRef = 43F2C0D81ED338530023567A /* Secrets.swift */; };
		43F2C0DC1ED3398E0023567A /* CoreLocation.framework in Frameworks */ = {isa = PBXBuildFile; fileRef = 43F2C0DB1ED3398E0023567A /* CoreLocation.framework */; };
		43F2C0DE1ED33AF80023567A /* NetworkController.swift in Sources */ = {isa = PBXBuildFile; fileRef = 43F2C0DD1ED33AF80023567A /* NetworkController.swift */; };
		43F2C0E01ED33B1E0023567A /* LocationController.swift in Sources */ = {isa = PBXBuildFile; fileRef = 43F2C0DF1ED33B1E0023567A /* LocationController.swift */; };
		43F2C0E21ED33B550023567A /* Forecast.swift in Sources */ = {isa = PBXBuildFile; fileRef = 43F2C0E11ED33B550023567A /* Forecast.swift */; };
		43F2C0E61ED33C2D0023567A /* WeatherKind.swift in Sources */ = {isa = PBXBuildFile; fileRef = 43F2C0E51ED33C2D0023567A /* WeatherKind.swift */; };
		43F2C0E81ED33CA50023567A /* WeatherImage.swift in Sources */ = {isa = PBXBuildFile; fileRef = 43F2C0E71ED33CA50023567A /* WeatherImage.swift */; };
		43F2C0ED1ED35A900023567A /* JsonParser.swift in Sources */ = {isa = PBXBuildFile; fileRef = 43F2C0EC1ED35A900023567A /* JsonParser.swift */; };
		43F2C0F01ED3CDAE0023567A /* ForecastCell.swift in Sources */ = {isa = PBXBuildFile; fileRef = 43F2C0EE1ED3CDAE0023567A /* ForecastCell.swift */; };
		43F2C0F11ED3CDAE0023567A /* ForecastCell.xib in Resources */ = {isa = PBXBuildFile; fileRef = 43F2C0EF1ED3CDAE0023567A /* ForecastCell.xib */; };
		43F2C0F41ED3CDD70023567A /* WeatherCell.swift in Sources */ = {isa = PBXBuildFile; fileRef = 43F2C0F21ED3CDD70023567A /* WeatherCell.swift */; };
		43F2C0F51ED3CDD70023567A /* WeatherCell.xib in Resources */ = {isa = PBXBuildFile; fileRef = 43F2C0F31ED3CDD70023567A /* WeatherCell.xib */; };
/* End PBXBuildFile section */

/* Begin PBXContainerItemProxy section */
		43F2C0C81ED330A10023567A /* PBXContainerItemProxy */ = {
			isa = PBXContainerItemProxy;
			containerPortal = 43F2C0AB1ED330A10023567A /* Project object */;
			proxyType = 1;
			remoteGlobalIDString = 43F2C0B21ED330A10023567A;
			remoteInfo = Artmospherez;
		};
/* End PBXContainerItemProxy section */

/* Begin PBXFileReference section */
		110914942480724C00D1E8EE /* gray3.txt */ = {isa = PBXFileReference; lastKnownFileType = text; path = gray3.txt; sourceTree = "<group>"; };
		430C520B1ED505DE00971849 /* CurrentWeather.swift */ = {isa = PBXFileReference; fileEncoding = 4; lastKnownFileType = sourcecode.swift; path = CurrentWeather.swift; sourceTree = "<group>"; };
		430C520D1ED557A400971849 /* WeatherImageFactory.swift */ = {isa = PBXFileReference; fileEncoding = 4; lastKnownFileType = sourcecode.swift; lineEnding = 0; path = WeatherImageFactory.swift; sourceTree = "<group>"; xcLanguageSpecificationIdentifier = xcode.lang.swift; };
		430C52101ED55B9000971849 /* rain1.txt */ = {isa = PBXFileReference; fileEncoding = 4; lastKnownFileType = text; path = rain1.txt; sourceTree = "<group>"; };
		430C52121ED5609800971849 /* sun1.txt */ = {isa = PBXFileReference; fileEncoding = 4; lastKnownFileType = text; path = sun1.txt; sourceTree = "<group>"; };
		430C52161ED5822500971849 /* WeatherLabel.swift */ = {isa = PBXFileReference; fileEncoding = 4; lastKnownFileType = sourcecode.swift; path = WeatherLabel.swift; sourceTree = "<group>"; };
		430C52181ED584CD00971849 /* Constants.swift */ = {isa = PBXFileReference; fileEncoding = 4; lastKnownFileType = sourcecode.swift; path = Constants.swift; sourceTree = "<group>"; };
		430C521A1ED5F67800971849 /* sun2.txt */ = {isa = PBXFileReference; fileEncoding = 4; lastKnownFileType = text; path = sun2.txt; sourceTree = "<group>"; };
		430C521C1ED5FA4B00971849 /* clouds1.txt */ = {isa = PBXFileReference; fileEncoding = 4; lastKnownFileType = text; path = clouds1.txt; sourceTree = "<group>"; };
		430C521E1ED5FA6600971849 /* clouds2.txt */ = {isa = PBXFileReference; fileEncoding = 4; lastKnownFileType = text; path = clouds2.txt; sourceTree = "<group>"; };
		430C52201ED5FEEC00971849 /* DetailViewControllerForecast.swift */ = {isa = PBXFileReference; fileEncoding = 4; lastKnownFileType = sourcecode.swift; path = DetailViewControllerForecast.swift; sourceTree = "<group>"; };
		430C52241ED6073100971849 /* rain3.txt */ = {isa = PBXFileReference; fileEncoding = 4; lastKnownFileType = text; path = rain3.txt; sourceTree = "<group>"; };
		430C52261ED6093C00971849 /* fog1.txt */ = {isa = PBXFileReference; fileEncoding = 4; lastKnownFileType = text; path = fog1.txt; sourceTree = "<group>"; };
		430C52281ED60BA900971849 /* fog2.txt */ = {isa = PBXFileReference; fileEncoding = 4; lastKnownFileType = text; path = fog2.txt; sourceTree = "<group>"; };
		430C522A1ED6112900971849 /* DetailViewControllerWeather.swift */ = {isa = PBXFileReference; fileEncoding = 4; lastKnownFileType = sourcecode.swift; path = DetailViewControllerWeather.swift; sourceTree = "<group>"; };
		430C52321ED6566200971849 /* gray1.txt */ = {isa = PBXFileReference; fileEncoding = 4; lastKnownFileType = text; path = gray1.txt; sourceTree = "<group>"; };
		430C52341ED6566F00971849 /* gray2.txt */ = {isa = PBXFileReference; fileEncoding = 4; lastKnownFileType = text; path = gray2.txt; sourceTree = "<group>"; };
		4322A7F81ED66B5800F2FD64 /* rain4.txt */ = {isa = PBXFileReference; fileEncoding = 4; lastKnownFileType = text; path = rain4.txt; sourceTree = "<group>"; };
		4322A7FA1ED66BFD00F2FD64 /* wind1.txt */ = {isa = PBXFileReference; fileEncoding = 4; lastKnownFileType = text; path = wind1.txt; sourceTree = "<group>"; };
		4322A7FC1ED66C0600F2FD64 /* wind2.txt */ = {isa = PBXFileReference; fileEncoding = 4; lastKnownFileType = text; path = wind2.txt; sourceTree = "<group>"; };
		4322A7FE1ED6764400F2FD64 /* MasterCell.swift */ = {isa = PBXFileReference; fileEncoding = 4; lastKnownFileType = sourcecode.swift; path = MasterCell.swift; sourceTree = "<group>"; };
		4322A8001ED6820400F2FD64 /* tstorm1.txt */ = {isa = PBXFileReference; fileEncoding = 4; lastKnownFileType = text; path = tstorm1.txt; sourceTree = "<group>"; };
		4322A8021ED6820B00F2FD64 /* tstorm2.txt */ = {isa = PBXFileReference; fileEncoding = 4; lastKnownFileType = text; path = tstorm2.txt; sourceTree = "<group>"; };
		4322A8041ED698AA00F2FD64 /* WeatherNavController.swift */ = {isa = PBXFileReference; fileEncoding = 4; lastKnownFileType = sourcecode.swift; path = WeatherNavController.swift; sourceTree = "<group>"; };
		4322A8061ED69AAB00F2FD64 /* AnimateToWeatherDetailController.swift */ = {isa = PBXFileReference; fileEncoding = 4; lastKnownFileType = sourcecode.swift; path = AnimateToWeatherDetailController.swift; sourceTree = "<group>"; };
		4322A8081ED6A31100F2FD64 /* AnimateToForecastDetailController.swift */ = {isa = PBXFileReference; fileEncoding = 4; lastKnownFileType = sourcecode.swift; path = AnimateToForecastDetailController.swift; sourceTree = "<group>"; };
		433266571EDB3583002641B2 /* rain6.txt */ = {isa = PBXFileReference; fileEncoding = 4; lastKnownFileType = text; path = rain6.txt; sourceTree = "<group>"; };
		4332665B1EDB37DA002641B2 /* clouds4.txt */ = {isa = PBXFileReference; fileEncoding = 4; lastKnownFileType = text; path = clouds4.txt; sourceTree = "<group>"; };
		4332665D1EDB37E9002641B2 /* sun4.txt */ = {isa = PBXFileReference; fileEncoding = 4; lastKnownFileType = text; path = sun4.txt; sourceTree = "<group>"; };
		433266B71EDF10C7002641B2 /* DateController.swift */ = {isa = PBXFileReference; fileEncoding = 4; lastKnownFileType = sourcecode.swift; path = DateController.swift; sourceTree = "<group>"; };
		4384296D1EE4662000FA730A /* ClosureGestureRecognizer.swift */ = {isa = PBXFileReference; fileEncoding = 4; lastKnownFileType = sourcecode.swift; path = ClosureGestureRecognizer.swift; sourceTree = "<group>"; };
		438F70581ED730A70093986D /* clouds3.txt */ = {isa = PBXFileReference; fileEncoding = 4; lastKnownFileType = text; path = clouds3.txt; sourceTree = "<group>"; };
		438F705A1ED730B40093986D /* sun3.txt */ = {isa = PBXFileReference; fileEncoding = 4; lastKnownFileType = text; path = sun3.txt; sourceTree = "<group>"; };
		438F705C1ED733310093986D /* snow1.txt */ = {isa = PBXFileReference; fileEncoding = 4; lastKnownFileType = text; path = snow1.txt; sourceTree = "<group>"; };
		438F705E1ED7333B0093986D /* snow2.txt */ = {isa = PBXFileReference; fileEncoding = 4; lastKnownFileType = text; path = snow2.txt; sourceTree = "<group>"; };
		438F70601ED73E110093986D /* InfoView.swift */ = {isa = PBXFileReference; fileEncoding = 4; lastKnownFileType = sourcecode.swift; path = InfoView.swift; sourceTree = "<group>"; };
		43C17D6F1ED8EC120045DD4F /* UtilityButton.swift */ = {isa = PBXFileReference; fileEncoding = 4; lastKnownFileType = sourcecode.swift; path = UtilityButton.swift; sourceTree = "<group>"; };
		43F2C0B31ED330A10023567A /* Artmospherez.app */ = {isa = PBXFileReference; explicitFileType = wrapper.application; includeInIndex = 0; path = Artmospherez.app; sourceTree = BUILT_PRODUCTS_DIR; };
		43F2C0B61ED330A10023567A /* AppDelegate.swift */ = {isa = PBXFileReference; lastKnownFileType = sourcecode.swift; path = AppDelegate.swift; sourceTree = "<group>"; };
		43F2C0B81ED330A10023567A /* ViewController.swift */ = {isa = PBXFileReference; lastKnownFileType = sourcecode.swift; lineEnding = 0; path = ViewController.swift; sourceTree = "<group>"; xcLanguageSpecificationIdentifier = xcode.lang.swift; };
		43F2C0BB1ED330A10023567A /* Base */ = {isa = PBXFileReference; lastKnownFileType = file.storyboard; name = Base; path = Base.lproj/Main.storyboard; sourceTree = "<group>"; };
		43F2C0BD1ED330A10023567A /* Assets.xcassets */ = {isa = PBXFileReference; lastKnownFileType = folder.assetcatalog; path = Assets.xcassets; sourceTree = "<group>"; };
		43F2C0C01ED330A10023567A /* Base */ = {isa = PBXFileReference; lastKnownFileType = file.storyboard; name = Base; path = Base.lproj/LaunchScreen.storyboard; sourceTree = "<group>"; };
		43F2C0C21ED330A10023567A /* Info.plist */ = {isa = PBXFileReference; lastKnownFileType = text.plist.xml; path = Info.plist; sourceTree = "<group>"; };
		43F2C0C71ED330A10023567A /* ArtmospherezTests.xctest */ = {isa = PBXFileReference; explicitFileType = wrapper.cfbundle; includeInIndex = 0; path = ArtmospherezTests.xctest; sourceTree = BUILT_PRODUCTS_DIR; };
		43F2C0CB1ED330A10023567A /* ArtmospherezTests.swift */ = {isa = PBXFileReference; lastKnownFileType = sourcecode.swift; path = ArtmospherezTests.swift; sourceTree = "<group>"; };
		43F2C0CD1ED330A10023567A /* Info.plist */ = {isa = PBXFileReference; lastKnownFileType = text.plist.xml; path = Info.plist; sourceTree = "<group>"; };
		43F2C0D81ED338530023567A /* Secrets.swift */ = {isa = PBXFileReference; fileEncoding = 4; lastKnownFileType = sourcecode.swift; path = Secrets.swift; sourceTree = "<group>"; };
		43F2C0DB1ED3398E0023567A /* CoreLocation.framework */ = {isa = PBXFileReference; lastKnownFileType = wrapper.framework; name = CoreLocation.framework; path = System/Library/Frameworks/CoreLocation.framework; sourceTree = SDKROOT; };
		43F2C0DD1ED33AF80023567A /* NetworkController.swift */ = {isa = PBXFileReference; fileEncoding = 4; lastKnownFileType = sourcecode.swift; path = NetworkController.swift; sourceTree = "<group>"; };
		43F2C0DF1ED33B1E0023567A /* LocationController.swift */ = {isa = PBXFileReference; fileEncoding = 4; lastKnownFileType = sourcecode.swift; path = LocationController.swift; sourceTree = "<group>"; };
		43F2C0E11ED33B550023567A /* Forecast.swift */ = {isa = PBXFileReference; fileEncoding = 4; lastKnownFileType = sourcecode.swift; path = Forecast.swift; sourceTree = "<group>"; };
		43F2C0E51ED33C2D0023567A /* WeatherKind.swift */ = {isa = PBXFileReference; fileEncoding = 4; lastKnownFileType = sourcecode.swift; path = WeatherKind.swift; sourceTree = "<group>"; };
		43F2C0E71ED33CA50023567A /* WeatherImage.swift */ = {isa = PBXFileReference; fileEncoding = 4; lastKnownFileType = sourcecode.swift; name = WeatherImage.swift; path = ../WeatherImage.swift; sourceTree = "<group>"; };
		43F2C0EC1ED35A900023567A /* JsonParser.swift */ = {isa = PBXFileReference; fileEncoding = 4; lastKnownFileType = sourcecode.swift; path = JsonParser.swift; sourceTree = "<group>"; };
		43F2C0EE1ED3CDAE0023567A /* ForecastCell.swift */ = {isa = PBXFileReference; fileEncoding = 4; lastKnownFileType = sourcecode.swift; path = ForecastCell.swift; sourceTree = "<group>"; };
		43F2C0EF1ED3CDAE0023567A /* ForecastCell.xib */ = {isa = PBXFileReference; fileEncoding = 4; lastKnownFileType = file.xib; path = ForecastCell.xib; sourceTree = "<group>"; };
		43F2C0F21ED3CDD70023567A /* WeatherCell.swift */ = {isa = PBXFileReference; fileEncoding = 4; lastKnownFileType = sourcecode.swift; path = WeatherCell.swift; sourceTree = "<group>"; };
		43F2C0F31ED3CDD70023567A /* WeatherCell.xib */ = {isa = PBXFileReference; fileEncoding = 4; lastKnownFileType = file.xib; path = WeatherCell.xib; sourceTree = "<group>"; };
/* End PBXFileReference section */

/* Begin PBXFrameworksBuildPhase section */
		43F2C0B01ED330A10023567A /* Frameworks */ = {
			isa = PBXFrameworksBuildPhase;
			buildActionMask = 2147483647;
			files = (
				43F2C0DC1ED3398E0023567A /* CoreLocation.framework in Frameworks */,
			);
			runOnlyForDeploymentPostprocessing = 0;
		};
		43F2C0C41ED330A10023567A /* Frameworks */ = {
			isa = PBXFrameworksBuildPhase;
			buildActionMask = 2147483647;
			files = (
			);
			runOnlyForDeploymentPostprocessing = 0;
		};
/* End PBXFrameworksBuildPhase section */

/* Begin PBXGroup section */
		430C520F1ED55AD800971849 /* Descriptions */ = {
			isa = PBXGroup;
			children = (
				430C521C1ED5FA4B00971849 /* clouds1.txt */,
				430C521E1ED5FA6600971849 /* clouds2.txt */,
				438F70581ED730A70093986D /* clouds3.txt */,
				4332665B1EDB37DA002641B2 /* clouds4.txt */,
				430C52261ED6093C00971849 /* fog1.txt */,
				430C52281ED60BA900971849 /* fog2.txt */,
				430C52321ED6566200971849 /* gray1.txt */,
				430C52341ED6566F00971849 /* gray2.txt */,
				110914942480724C00D1E8EE /* gray3.txt */,
				430C52101ED55B9000971849 /* rain1.txt */,
				430C52241ED6073100971849 /* rain3.txt */,
				4322A7F81ED66B5800F2FD64 /* rain4.txt */,
				433266571EDB3583002641B2 /* rain6.txt */,
				438F705C1ED733310093986D /* snow1.txt */,
				438F705E1ED7333B0093986D /* snow2.txt */,
				430C52121ED5609800971849 /* sun1.txt */,
				430C521A1ED5F67800971849 /* sun2.txt */,
				438F705A1ED730B40093986D /* sun3.txt */,
				4332665D1EDB37E9002641B2 /* sun4.txt */,
				4322A8001ED6820400F2FD64 /* tstorm1.txt */,
				4322A8021ED6820B00F2FD64 /* tstorm2.txt */,
				4322A7FA1ED66BFD00F2FD64 /* wind1.txt */,
				4322A7FC1ED66C0600F2FD64 /* wind2.txt */,
			);
			name = Descriptions;
			sourceTree = "<group>";
		};
		43F2C0AA1ED330A10023567A = {
			isa = PBXGroup;
			children = (
				43F2C0B51ED330A10023567A /* Artmospherez */,
				43F2C0CA1ED330A10023567A /* ArtmospherezTests */,
				43F2C0B41ED330A10023567A /* Products */,
				43F2C0DA1ED3398E0023567A /* Frameworks */,
			);
			sourceTree = "<group>";
		};
		43F2C0B41ED330A10023567A /* Products */ = {
			isa = PBXGroup;
			children = (
				43F2C0B31ED330A10023567A /* Artmospherez.app */,
				43F2C0C71ED330A10023567A /* ArtmospherezTests.xctest */,
			);
			name = Products;
			sourceTree = "<group>";
		};
		43F2C0B51ED330A10023567A /* Artmospherez */ = {
			isa = PBXGroup;
			children = (
				43F2C0EB1ED356F80023567A /* Controllers */,
				43F2C0E91ED356DC0023567A /* Models */,
				43F2C0EA1ED356EA0023567A /* Views */,
				430C520F1ED55AD800971849 /* Descriptions */,
				43F2C0C21ED330A10023567A /* Info.plist */,
				43F2C0B61ED330A10023567A /* AppDelegate.swift */,
				430C52181ED584CD00971849 /* Constants.swift */,
				43F2C0D81ED338530023567A /* Secrets.swift */,
			);
			path = Artmospherez;
			sourceTree = "<group>";
		};
		43F2C0CA1ED330A10023567A /* ArtmospherezTests */ = {
			isa = PBXGroup;
			children = (
				43F2C0CB1ED330A10023567A /* ArtmospherezTests.swift */,
				43F2C0CD1ED330A10023567A /* Info.plist */,
			);
			path = ArtmospherezTests;
			sourceTree = "<group>";
		};
		43F2C0DA1ED3398E0023567A /* Frameworks */ = {
			isa = PBXGroup;
			children = (
				43F2C0DB1ED3398E0023567A /* CoreLocation.framework */,
			);
			name = Frameworks;
			sourceTree = "<group>";
		};
		43F2C0E91ED356DC0023567A /* Models */ = {
			isa = PBXGroup;
			children = (
				430C520B1ED505DE00971849 /* CurrentWeather.swift */,
				43F2C0E11ED33B550023567A /* Forecast.swift */,
				43F2C0E51ED33C2D0023567A /* WeatherKind.swift */,
				43F2C0E71ED33CA50023567A /* WeatherImage.swift */,
				430C520D1ED557A400971849 /* WeatherImageFactory.swift */,
				43F2C0BD1ED330A10023567A /* Assets.xcassets */,
			);
			name = Models;
			sourceTree = "<group>";
		};
		43F2C0EA1ED356EA0023567A /* Views */ = {
			isa = PBXGroup;
			children = (
				43F2C0BF1ED330A10023567A /* LaunchScreen.storyboard */,
				43F2C0BA1ED330A10023567A /* Main.storyboard */,
				43F2C0EE1ED3CDAE0023567A /* ForecastCell.swift */,
				43F2C0EF1ED3CDAE0023567A /* ForecastCell.xib */,
				43F2C0F21ED3CDD70023567A /* WeatherCell.swift */,
				43F2C0F31ED3CDD70023567A /* WeatherCell.xib */,
				430C52161ED5822500971849 /* WeatherLabel.swift */,
				4322A7FE1ED6764400F2FD64 /* MasterCell.swift */,
				438F70601ED73E110093986D /* InfoView.swift */,
				43C17D6F1ED8EC120045DD4F /* UtilityButton.swift */,
			);
			name = Views;
			sourceTree = "<group>";
		};
		43F2C0EB1ED356F80023567A /* Controllers */ = {
			isa = PBXGroup;
			children = (
				4322A8081ED6A31100F2FD64 /* AnimateToForecastDetailController.swift */,
				4322A8061ED69AAB00F2FD64 /* AnimateToWeatherDetailController.swift */,
				4384296D1EE4662000FA730A /* ClosureGestureRecognizer.swift */,
				433266B71EDF10C7002641B2 /* DateController.swift */,
				430C52201ED5FEEC00971849 /* DetailViewControllerForecast.swift */,
				430C522A1ED6112900971849 /* DetailViewControllerWeather.swift */,
				43F2C0EC1ED35A900023567A /* JsonParser.swift */,
				43F2C0DF1ED33B1E0023567A /* LocationController.swift */,
				43F2C0DD1ED33AF80023567A /* NetworkController.swift */,
				43F2C0B81ED330A10023567A /* ViewController.swift */,
				4322A8041ED698AA00F2FD64 /* WeatherNavController.swift */,
			);
			name = Controllers;
			sourceTree = "<group>";
		};
/* End PBXGroup section */

/* Begin PBXNativeTarget section */
		43F2C0B21ED330A10023567A /* Artmospherez */ = {
			isa = PBXNativeTarget;
			buildConfigurationList = 43F2C0D01ED330A10023567A /* Build configuration list for PBXNativeTarget "Artmospherez" */;
			buildPhases = (
				43F2C0AF1ED330A10023567A /* Sources */,
				43F2C0B01ED330A10023567A /* Frameworks */,
				43F2C0B11ED330A10023567A /* Resources */,
			);
			buildRules = (
			);
			dependencies = (
			);
			name = Artmospherez;
			productName = Artmospherez;
			productReference = 43F2C0B31ED330A10023567A /* Artmospherez.app */;
			productType = "com.apple.product-type.application";
		};
		43F2C0C61ED330A10023567A /* ArtmospherezTests */ = {
			isa = PBXNativeTarget;
			buildConfigurationList = 43F2C0D31ED330A10023567A /* Build configuration list for PBXNativeTarget "ArtmospherezTests" */;
			buildPhases = (
				43F2C0C31ED330A10023567A /* Sources */,
				43F2C0C41ED330A10023567A /* Frameworks */,
				43F2C0C51ED330A10023567A /* Resources */,
			);
			buildRules = (
			);
			dependencies = (
				43F2C0C91ED330A10023567A /* PBXTargetDependency */,
			);
			name = ArtmospherezTests;
			productName = ArtmospherezTests;
			productReference = 43F2C0C71ED330A10023567A /* ArtmospherezTests.xctest */;
			productType = "com.apple.product-type.bundle.unit-test";
		};
/* End PBXNativeTarget section */

/* Begin PBXProject section */
		43F2C0AB1ED330A10023567A /* Project object */ = {
			isa = PBXProject;
			attributes = {
				LastSwiftUpdateCheck = 0830;
				LastUpgradeCheck = 0830;
				ORGANIZATIONNAME = natebirkholz;
				TargetAttributes = {
					43F2C0B21ED330A10023567A = {
						CreatedOnToolsVersion = 8.3.2;
						DevelopmentTeam = 65PRBW7K5C;
						LastSwiftMigration = 1140;
						ProvisioningStyle = Automatic;
					};
					43F2C0C61ED330A10023567A = {
						CreatedOnToolsVersion = 8.3.2;
						DevelopmentTeam = 65PRBW7K5C;
						LastSwiftMigration = 1140;
						ProvisioningStyle = Automatic;
						TestTargetID = 43F2C0B21ED330A10023567A;
					};
				};
			};
			buildConfigurationList = 43F2C0AE1ED330A10023567A /* Build configuration list for PBXProject "Artmospherez" */;
			compatibilityVersion = "Xcode 3.2";
			developmentRegion = en;
			hasScannedForEncodings = 0;
			knownRegions = (
				en,
				Base,
			);
			mainGroup = 43F2C0AA1ED330A10023567A;
			productRefGroup = 43F2C0B41ED330A10023567A /* Products */;
			projectDirPath = "";
			projectRoot = "";
			targets = (
				43F2C0B21ED330A10023567A /* Artmospherez */,
				43F2C0C61ED330A10023567A /* ArtmospherezTests */,
			);
		};
/* End PBXProject section */

/* Begin PBXResourcesBuildPhase section */
		43F2C0B11ED330A10023567A /* Resources */ = {
			isa = PBXResourcesBuildPhase;
			buildActionMask = 2147483647;
			files = (
				43F2C0F11ED3CDAE0023567A /* ForecastCell.xib in Resources */,
				430C52271ED6093C00971849 /* fog1.txt in Resources */,
				43F2C0C11ED330A10023567A /* LaunchScreen.storyboard in Resources */,
				4322A8011ED6820400F2FD64 /* tstorm1.txt in Resources */,
				430C521D1ED5FA4B00971849 /* clouds1.txt in Resources */,
				430C52291ED60BA900971849 /* fog2.txt in Resources */,
				4322A7F91ED66B5800F2FD64 /* rain4.txt in Resources */,
				430C52131ED5609800971849 /* sun1.txt in Resources */,
				430C52331ED6566200971849 /* gray1.txt in Resources */,
				430C52251ED6073100971849 /* rain3.txt in Resources */,
				43F2C0BE1ED330A10023567A /* Assets.xcassets in Resources */,
				438F70591ED730A70093986D /* clouds3.txt in Resources */,
				438F705D1ED733310093986D /* snow1.txt in Resources */,
				110914952480724C00D1E8EE /* gray3.txt in Resources */,
				433266581EDB3583002641B2 /* rain6.txt in Resources */,
				4322A7FB1ED66BFD00F2FD64 /* wind1.txt in Resources */,
				43F2C0BC1ED330A10023567A /* Main.storyboard in Resources */,
				430C52111ED55B9000971849 /* rain1.txt in Resources */,
				4332665C1EDB37DA002641B2 /* clouds4.txt in Resources */,
				438F705F1ED7333B0093986D /* snow2.txt in Resources */,
				4322A7FD1ED66C0600F2FD64 /* wind2.txt in Resources */,
				430C52351ED6566F00971849 /* gray2.txt in Resources */,
				438F705B1ED730B40093986D /* sun3.txt in Resources */,
				4322A8031ED6820B00F2FD64 /* tstorm2.txt in Resources */,
				430C521F1ED5FA6600971849 /* clouds2.txt in Resources */,
				430C521B1ED5F67800971849 /* sun2.txt in Resources */,
				4332665E1EDB37E9002641B2 /* sun4.txt in Resources */,
				43F2C0F51ED3CDD70023567A /* WeatherCell.xib in Resources */,
			);
			runOnlyForDeploymentPostprocessing = 0;
		};
		43F2C0C51ED330A10023567A /* Resources */ = {
			isa = PBXResourcesBuildPhase;
			buildActionMask = 2147483647;
			files = (
			);
			runOnlyForDeploymentPostprocessing = 0;
		};
/* End PBXResourcesBuildPhase section */

/* Begin PBXSourcesBuildPhase section */
		43F2C0AF1ED330A10023567A /* Sources */ = {
			isa = PBXSourcesBuildPhase;
			buildActionMask = 2147483647;
			files = (
				43F2C0DE1ED33AF80023567A /* NetworkController.swift in Sources */,
				433266B81EDF10C7002641B2 /* DateController.swift in Sources */,
				430C52191ED584CD00971849 /* Constants.swift in Sources */,
				4322A8071ED69AAB00F2FD64 /* AnimateToWeatherDetailController.swift in Sources */,
				430C520E1ED557A400971849 /* WeatherImageFactory.swift in Sources */,
				430C52211ED5FEEC00971849 /* DetailViewControllerForecast.swift in Sources */,
				43F2C0E81ED33CA50023567A /* WeatherImage.swift in Sources */,
				4322A7FF1ED6764400F2FD64 /* MasterCell.swift in Sources */,
				4384296E1EE4662100FA730A /* ClosureGestureRecognizer.swift in Sources */,
				4322A8051ED698AA00F2FD64 /* WeatherNavController.swift in Sources */,
				43F2C0E21ED33B550023567A /* Forecast.swift in Sources */,
				43F2C0F41ED3CDD70023567A /* WeatherCell.swift in Sources */,
				43F2C0F01ED3CDAE0023567A /* ForecastCell.swift in Sources */,
				43F2C0D91ED338530023567A /* Secrets.swift in Sources */,
				43F2C0E61ED33C2D0023567A /* WeatherKind.swift in Sources */,
				43C17D701ED8EC120045DD4F /* UtilityButton.swift in Sources */,
				43F2C0B91ED330A10023567A /* ViewController.swift in Sources */,
				43F2C0E01ED33B1E0023567A /* LocationController.swift in Sources */,
				438F70611ED73E110093986D /* InfoView.swift in Sources */,
				430C520C1ED505DE00971849 /* CurrentWeather.swift in Sources */,
				4322A8091ED6A31100F2FD64 /* AnimateToForecastDetailController.swift in Sources */,
				430C522B1ED6112900971849 /* DetailViewControllerWeather.swift in Sources */,
				430C52171ED5822500971849 /* WeatherLabel.swift in Sources */,
				43F2C0ED1ED35A900023567A /* JsonParser.swift in Sources */,
				43F2C0B71ED330A10023567A /* AppDelegate.swift in Sources */,
			);
			runOnlyForDeploymentPostprocessing = 0;
		};
		43F2C0C31ED330A10023567A /* Sources */ = {
			isa = PBXSourcesBuildPhase;
			buildActionMask = 2147483647;
			files = (
				43F2C0CC1ED330A10023567A /* ArtmospherezTests.swift in Sources */,
			);
			runOnlyForDeploymentPostprocessing = 0;
		};
/* End PBXSourcesBuildPhase section */

/* Begin PBXTargetDependency section */
		43F2C0C91ED330A10023567A /* PBXTargetDependency */ = {
			isa = PBXTargetDependency;
			target = 43F2C0B21ED330A10023567A /* Artmospherez */;
			targetProxy = 43F2C0C81ED330A10023567A /* PBXContainerItemProxy */;
		};
/* End PBXTargetDependency section */

/* Begin PBXVariantGroup section */
		43F2C0BA1ED330A10023567A /* Main.storyboard */ = {
			isa = PBXVariantGroup;
			children = (
				43F2C0BB1ED330A10023567A /* Base */,
			);
			name = Main.storyboard;
			sourceTree = "<group>";
		};
		43F2C0BF1ED330A10023567A /* LaunchScreen.storyboard */ = {
			isa = PBXVariantGroup;
			children = (
				43F2C0C01ED330A10023567A /* Base */,
			);
			name = LaunchScreen.storyboard;
			sourceTree = "<group>";
		};
/* End PBXVariantGroup section */

/* Begin XCBuildConfiguration section */
		43F2C0CE1ED330A10023567A /* Debug */ = {
			isa = XCBuildConfiguration;
			buildSettings = {
				ALWAYS_SEARCH_USER_PATHS = NO;
				CLANG_ANALYZER_NONNULL = YES;
				CLANG_ANALYZER_NUMBER_OBJECT_CONVERSION = YES_AGGRESSIVE;
				CLANG_CXX_LANGUAGE_STANDARD = "gnu++0x";
				CLANG_CXX_LIBRARY = "libc++";
				CLANG_ENABLE_MODULES = YES;
				CLANG_ENABLE_OBJC_ARC = YES;
				CLANG_WARN_BOOL_CONVERSION = YES;
				CLANG_WARN_CONSTANT_CONVERSION = YES;
				CLANG_WARN_DIRECT_OBJC_ISA_USAGE = YES_ERROR;
				CLANG_WARN_DOCUMENTATION_COMMENTS = YES;
				CLANG_WARN_EMPTY_BODY = YES;
				CLANG_WARN_ENUM_CONVERSION = YES;
				CLANG_WARN_INFINITE_RECURSION = YES;
				CLANG_WARN_INT_CONVERSION = YES;
				CLANG_WARN_OBJC_ROOT_CLASS = YES_ERROR;
				CLANG_WARN_SUSPICIOUS_MOVE = YES;
				CLANG_WARN_UNREACHABLE_CODE = YES;
				CLANG_WARN__DUPLICATE_METHOD_MATCH = YES;
				"CODE_SIGN_IDENTITY[sdk=iphoneos*]" = "iPhone Developer";
				COPY_PHASE_STRIP = NO;
				DEBUG_INFORMATION_FORMAT = dwarf;
				ENABLE_STRICT_OBJC_MSGSEND = YES;
				ENABLE_TESTABILITY = YES;
				GCC_C_LANGUAGE_STANDARD = gnu99;
				GCC_DYNAMIC_NO_PIC = NO;
				GCC_NO_COMMON_BLOCKS = YES;
				GCC_OPTIMIZATION_LEVEL = 0;
				GCC_PREPROCESSOR_DEFINITIONS = (
					"DEBUG=1",
					"$(inherited)",
				);
				GCC_WARN_64_TO_32_BIT_CONVERSION = YES;
				GCC_WARN_ABOUT_RETURN_TYPE = YES_ERROR;
				GCC_WARN_UNDECLARED_SELECTOR = YES;
				GCC_WARN_UNINITIALIZED_AUTOS = YES_AGGRESSIVE;
				GCC_WARN_UNUSED_FUNCTION = YES;
				GCC_WARN_UNUSED_VARIABLE = YES;
				IPHONEOS_DEPLOYMENT_TARGET = 13.0;
				MTL_ENABLE_DEBUG_INFO = YES;
				ONLY_ACTIVE_ARCH = YES;
				SDKROOT = iphoneos;
				SWIFT_ACTIVE_COMPILATION_CONDITIONS = DEBUG;
				SWIFT_OPTIMIZATION_LEVEL = "-Onone";
			};
			name = Debug;
		};
		43F2C0CF1ED330A10023567A /* Release */ = {
			isa = XCBuildConfiguration;
			buildSettings = {
				ALWAYS_SEARCH_USER_PATHS = NO;
				CLANG_ANALYZER_NONNULL = YES;
				CLANG_ANALYZER_NUMBER_OBJECT_CONVERSION = YES_AGGRESSIVE;
				CLANG_CXX_LANGUAGE_STANDARD = "gnu++0x";
				CLANG_CXX_LIBRARY = "libc++";
				CLANG_ENABLE_MODULES = YES;
				CLANG_ENABLE_OBJC_ARC = YES;
				CLANG_WARN_BOOL_CONVERSION = YES;
				CLANG_WARN_CONSTANT_CONVERSION = YES;
				CLANG_WARN_DIRECT_OBJC_ISA_USAGE = YES_ERROR;
				CLANG_WARN_DOCUMENTATION_COMMENTS = YES;
				CLANG_WARN_EMPTY_BODY = YES;
				CLANG_WARN_ENUM_CONVERSION = YES;
				CLANG_WARN_INFINITE_RECURSION = YES;
				CLANG_WARN_INT_CONVERSION = YES;
				CLANG_WARN_OBJC_ROOT_CLASS = YES_ERROR;
				CLANG_WARN_SUSPICIOUS_MOVE = YES;
				CLANG_WARN_UNREACHABLE_CODE = YES;
				CLANG_WARN__DUPLICATE_METHOD_MATCH = YES;
				"CODE_SIGN_IDENTITY[sdk=iphoneos*]" = "iPhone Developer";
				COPY_PHASE_STRIP = NO;
				DEBUG_INFORMATION_FORMAT = "dwarf-with-dsym";
				ENABLE_NS_ASSERTIONS = NO;
				ENABLE_STRICT_OBJC_MSGSEND = YES;
				GCC_C_LANGUAGE_STANDARD = gnu99;
				GCC_NO_COMMON_BLOCKS = YES;
				GCC_WARN_64_TO_32_BIT_CONVERSION = YES;
				GCC_WARN_ABOUT_RETURN_TYPE = YES_ERROR;
				GCC_WARN_UNDECLARED_SELECTOR = YES;
				GCC_WARN_UNINITIALIZED_AUTOS = YES_AGGRESSIVE;
				GCC_WARN_UNUSED_FUNCTION = YES;
				GCC_WARN_UNUSED_VARIABLE = YES;
				IPHONEOS_DEPLOYMENT_TARGET = 13.0;
				MTL_ENABLE_DEBUG_INFO = NO;
				SDKROOT = iphoneos;
				SWIFT_OPTIMIZATION_LEVEL = "-Owholemodule";
				VALIDATE_PRODUCT = YES;
			};
			name = Release;
		};
		43F2C0D11ED330A10023567A /* Debug */ = {
			isa = XCBuildConfiguration;
			buildSettings = {
				ASSETCATALOG_COMPILER_APPICON_NAME = AppIcon;
				CODE_SIGN_IDENTITY = "iPhone Developer";
				DEVELOPMENT_TEAM = 65PRBW7K5C;
				INFOPLIST_FILE = Artmospherez/Info.plist;
				LD_RUNPATH_SEARCH_PATHS = "$(inherited) @executable_path/Frameworks";
				PRODUCT_BUNDLE_IDENTIFIER = com.natebirkholz.Artmospherez;
				PRODUCT_NAME = "$(TARGET_NAME)";
				SWIFT_SWIFT3_OBJC_INFERENCE = Off;
				SWIFT_VERSION = 5.0;
			};
			name = Debug;
		};
		43F2C0D21ED330A10023567A /* Release */ = {
			isa = XCBuildConfiguration;
			buildSettings = {
				ASSETCATALOG_COMPILER_APPICON_NAME = AppIcon;
				CODE_SIGN_IDENTITY = "iPhone Developer";
				DEVELOPMENT_TEAM = 65PRBW7K5C;
				INFOPLIST_FILE = Artmospherez/Info.plist;
				LD_RUNPATH_SEARCH_PATHS = "$(inherited) @executable_path/Frameworks";
				PRODUCT_BUNDLE_IDENTIFIER = com.natebirkholz.Artmospherez;
				PRODUCT_NAME = "$(TARGET_NAME)";
				SWIFT_SWIFT3_OBJC_INFERENCE = Off;
				SWIFT_VERSION = 5.0;
			};
			name = Release;
		};
		43F2C0D41ED330A10023567A /* Debug */ = {
			isa = XCBuildConfiguration;
			buildSettings = {
				ALWAYS_EMBED_SWIFT_STANDARD_LIBRARIES = YES;
				BUNDLE_LOADER = "$(TEST_HOST)";
				DEVELOPMENT_TEAM = 65PRBW7K5C;
				INFOPLIST_FILE = ArtmospherezTests/Info.plist;
				LD_RUNPATH_SEARCH_PATHS = "$(inherited) @executable_path/Frameworks @loader_path/Frameworks";
				PRODUCT_BUNDLE_IDENTIFIER = com.natebirkholz.ArtmospherezTests;
				PRODUCT_NAME = "$(TARGET_NAME)";
				SWIFT_SWIFT3_OBJC_INFERENCE = On;
				SWIFT_VERSION = 5.0;
				TEST_HOST = "$(BUILT_PRODUCTS_DIR)/Artmospherez.app/Artmospherez";
			};
			name = Debug;
		};
		43F2C0D51ED330A10023567A /* Release */ = {
			isa = XCBuildConfiguration;
			buildSettings = {
				ALWAYS_EMBED_SWIFT_STANDARD_LIBRARIES = YES;
				BUNDLE_LOADER = "$(TEST_HOST)";
				DEVELOPMENT_TEAM = 65PRBW7K5C;
				INFOPLIST_FILE = ArtmospherezTests/Info.plist;
				LD_RUNPATH_SEARCH_PATHS = "$(inherited) @executable_path/Frameworks @loader_path/Frameworks";
				PRODUCT_BUNDLE_IDENTIFIER = com.natebirkholz.ArtmospherezTests;
				PRODUCT_NAME = "$(TARGET_NAME)";
				SWIFT_SWIFT3_OBJC_INFERENCE = On;
				SWIFT_VERSION = 5.0;
				TEST_HOST = "$(BUILT_PRODUCTS_DIR)/Artmospherez.app/Artmospherez";
			};
			name = Release;
		};
/* End XCBuildConfiguration section */

/* Begin XCConfigurationList section */
		43F2C0AE1ED330A10023567A /* Build configuration list for PBXProject "Artmospherez" */ = {
			isa = XCConfigurationList;
			buildConfigurations = (
				43F2C0CE1ED330A10023567A /* Debug */,
				43F2C0CF1ED330A10023567A /* Release */,
			);
			defaultConfigurationIsVisible = 0;
			defaultConfigurationName = Release;
		};
		43F2C0D01ED330A10023567A /* Build configuration list for PBXNativeTarget "Artmospherez" */ = {
			isa = XCConfigurationList;
			buildConfigurations = (
				43F2C0D11ED330A10023567A /* Debug */,
				43F2C0D21ED330A10023567A /* Release */,
			);
			defaultConfigurationIsVisible = 0;
			defaultConfigurationName = Release;
		};
		43F2C0D31ED330A10023567A /* Build configuration list for PBXNativeTarget "ArtmospherezTests" */ = {
			isa = XCConfigurationList;
			buildConfigurations = (
				43F2C0D41ED330A10023567A /* Debug */,
				43F2C0D51ED330A10023567A /* Release */,
			);
			defaultConfigurationIsVisible = 0;
			defaultConfigurationName = Release;
		};
/* End XCConfigurationList section */
	};
	rootObject = 43F2C0AB1ED330A10023567A /* Project object */;
}
