// !$*UTF8*$!
{
	archiveVersion = 1;
	classes = {
	};
	objectVersion = 46;
	objects = {

/* Begin PBXBuildFile section */
		43F2C0B71ED330A10023567A /* AppDelegate.swift in Sources */ = {isa = PBXBuildFile; fileRef = 43F2C0B61ED330A10023567A /* AppDelegate.swift */; };
		43F2C0B91ED330A10023567A /* ViewController.swift in Sources */ = {isa = PBXBuildFile; fileRef = 43F2C0B81ED330A10023567A /* ViewController.swift */; };
		43F2C0BC1ED330A10023567A /* Main.storyboard in Resources */ = {isa = PBXBuildFile; fileRef = 43F2C0BA1ED330A10023567A /* Main.storyboard */; };
		43F2C0BE1ED330A10023567A /* Assets.xcassets in Resources */ = {isa = PBXBuildFile; fileRef = 43F2C0BD1ED330A10023567A /* Assets.xcassets */; };
		43F2C0C11ED330A10023567A /* LaunchScreen.storyboard in Resources */ = {isa = PBXBuildFile; fileRef = 43F2C0BF1ED330A10023567A /* LaunchScreen.storyboard */; };
		43F2C0CC1ED330A10023567A /* ArtmospherezTests.swift in Sources */ = {isa = PBXBuildFile; fileRef = 43F2C0CB1ED330A10023567A /* ArtmospherezTests.swift */; };
		43F2C0D71ED331450023567A /* DetailViewController.swift in Sources */ = {isa = PBXBuildFile; fileRef = 43F2C0D61ED331450023567A /* DetailViewController.swift */; };
/* End PBXBuildFile section */

/* Begin PBXContainerItemProxy section */
		43F2C0C81ED330A10023567A /* PBXContainerItemProxy */ = {
			isa = PBXContainerItemProxy;
			containerPortal = 43F2C0AB1ED330A10023567A /* Project object */;
			proxyType = 1;
			remoteGlobalIDString = 43F2C0B21ED330A10023567A;
			remoteInfo = Artmospherez;
		};
/* End PBXContainerItemProxy section */

/* Begin PBXFileReference section */
		43F2C0B31ED330A10023567A /* Artmospherez.app */ = {isa = PBXFileReference; explicitFileType = wrapper.application; includeInIndex = 0; path = Artmospherez.app; sourceTree = BUILT_PRODUCTS_DIR; };
		43F2C0B61ED330A10023567A /* AppDelegate.swift */ = {isa = PBXFileReference; lastKnownFileType = sourcecode.swift; path = AppDelegate.swift; sourceTree = "<group>"; };
		43F2C0B81ED330A10023567A /* ViewController.swift */ = {isa = PBXFileReference; lastKnownFileType = sourcecode.swift; path = ViewController.swift; sourceTree = "<group>"; };
		43F2C0BB1ED330A10023567A /* Base */ = {isa = PBXFileReference; lastKnownFileType = file.storyboard; name = Base; path = Base.lproj/Main.storyboard; sourceTree = "<group>"; };
		43F2C0BD1ED330A10023567A /* Assets.xcassets */ = {isa = PBXFileReference; lastKnownFileType = folder.assetcatalog; path = Assets.xcassets; sourceTree = "<group>"; };
		43F2C0C01ED330A10023567A /* Base */ = {isa = PBXFileReference; lastKnownFileType = file.storyboard; name = Base; path = Base.lproj/LaunchScreen.storyboard; sourceTree = "<group>"; };
		43F2C0C21ED330A10023567A /* Info.plist */ = {isa = PBXFileReference; lastKnownFileType = text.plist.xml; path = Info.plist; sourceTree = "<group>"; };
		43F2C0C71ED330A10023567A /* ArtmospherezTests.xctest */ = {isa = PBXFileReference; explicitFileType = wrapper.cfbundle; includeInIndex = 0; path = ArtmospherezTests.xctest; sourceTree = BUILT_PRODUCTS_DIR; };
		43F2C0CB1ED330A10023567A /* ArtmospherezTests.swift */ = {isa = PBXFileReference; lastKnownFileType = sourcecode.swift; path = ArtmospherezTests.swift; sourceTree = "<group>"; };
		43F2C0CD1ED330A10023567A /* Info.plist */ = {isa = PBXFileReference; lastKnownFileType = text.plist.xml; path = Info.plist; sourceTree = "<group>"; };
		43F2C0D61ED331450023567A /* DetailViewController.swift */ = {isa = PBXFileReference; fileEncoding = 4; lastKnownFileType = sourcecode.swift; path = DetailViewController.swift; sourceTree = "<group>"; };
/* End PBXFileReference section */

/* Begin PBXFrameworksBuildPhase section */
		43F2C0B01ED330A10023567A /* Frameworks */ = {
			isa = PBXFrameworksBuildPhase;
			buildActionMask = 2147483647;
			files = (
			);
			runOnlyForDeploymentPostprocessing = 0;
		};
		43F2C0C41ED330A10023567A /* Frameworks */ = {
			isa = PBXFrameworksBuildPhase;
			buildActionMask = 2147483647;
			files = (
			);
			runOnlyForDeploymentPostprocessing = 0;
		};
/* End PBXFrameworksBuildPhase section */

/* Begin PBXGroup section */
		43F2C0AA1ED330A10023567A = {
			isa = PBXGroup;
			children = (
				43F2C0B51ED330A10023567A /* Artmospherez */,
				43F2C0CA1ED330A10023567A /* ArtmospherezTests */,
				43F2C0B41ED330A10023567A /* Products */,
			);
			sourceTree = "<group>";
		};
		43F2C0B41ED330A10023567A /* Products */ = {
			isa = PBXGroup;
			children = (
				43F2C0B31ED330A10023567A /* Artmospherez.app */,
				43F2C0C71ED330A10023567A /* ArtmospherezTests.xctest */,
			);
			name = Products;
			sourceTree = "<group>";
		};
		43F2C0B51ED330A10023567A /* Artmospherez */ = {
			isa = PBXGroup;
			children = (
				43F2C0B61ED330A10023567A /* AppDelegate.swift */,
				43F2C0B81ED330A10023567A /* ViewController.swift */,
				43F2C0BA1ED330A10023567A /* Main.storyboard */,
				43F2C0BD1ED330A10023567A /* Assets.xcassets */,
				43F2C0BF1ED330A10023567A /* LaunchScreen.storyboard */,
				43F2C0C21ED330A10023567A /* Info.plist */,
				43F2C0D61ED331450023567A /* DetailViewController.swift */,
			);
			path = Artmospherez;
			sourceTree = "<group>";
		};
		43F2C0CA1ED330A10023567A /* ArtmospherezTests */ = {
			isa = PBXGroup;
			children = (
				43F2C0CB1ED330A10023567A /* ArtmospherezTests.swift */,
				43F2C0CD1ED330A10023567A /* Info.plist */,
			);
			path = ArtmospherezTests;
			sourceTree = "<group>";
		};
/* End PBXGroup section */

/* Begin PBXNativeTarget section */
		43F2C0B21ED330A10023567A /* Artmospherez */ = {
			isa = PBXNativeTarget;
			buildConfigurationList = 43F2C0D01ED330A10023567A /* Build configuration list for PBXNativeTarget "Artmospherez" */;
			buildPhases = (
				43F2C0AF1ED330A10023567A /* Sources */,
				43F2C0B01ED330A10023567A /* Frameworks */,
				43F2C0B11ED330A10023567A /* Resources */,
			);
			buildRules = (
			);
			dependencies = (
			);
			name = Artmospherez;
			productName = Artmospherez;
			productReference = 43F2C0B31ED330A10023567A /* Artmospherez.app */;
			productType = "com.apple.product-type.application";
		};
		43F2C0C61ED330A10023567A /* ArtmospherezTests */ = {
			isa = PBXNativeTarget;
			buildConfigurationList = 43F2C0D31ED330A10023567A /* Build configuration list for PBXNativeTarget "ArtmospherezTests" */;
			buildPhases = (
				43F2C0C31ED330A10023567A /* Sources */,
				43F2C0C41ED330A10023567A /* Frameworks */,
				43F2C0C51ED330A10023567A /* Resources */,
			);
			buildRules = (
			);
			dependencies = (
				43F2C0C91ED330A10023567A /* PBXTargetDependency */,
			);
			name = ArtmospherezTests;
			productName = ArtmospherezTests;
			productReference = 43F2C0C71ED330A10023567A /* ArtmospherezTests.xctest */;
			productType = "com.apple.product-type.bundle.unit-test";
		};
/* End PBXNativeTarget section */

/* Begin PBXProject section */
		43F2C0AB1ED330A10023567A /* Project object */ = {
			isa = PBXProject;
			attributes = {
				LastSwiftUpdateCheck = 0830;
				LastUpgradeCheck = 0830;
				ORGANIZATIONNAME = natebirkholz;
				TargetAttributes = {
					43F2C0B21ED330A10023567A = {
						CreatedOnToolsVersion = 8.3.2;
						DevelopmentTeam = 65PRBW7K5C;
						ProvisioningStyle = Automatic;
					};
					43F2C0C61ED330A10023567A = {
						CreatedOnToolsVersion = 8.3.2;
						DevelopmentTeam = 65PRBW7K5C;
						ProvisioningStyle = Automatic;
						TestTargetID = 43F2C0B21ED330A10023567A;
					};
				};
			};
			buildConfigurationList = 43F2C0AE1ED330A10023567A /* Build configuration list for PBXProject "Artmospherez" */;
			compatibilityVersion = "Xcode 3.2";
			developmentRegion = English;
			hasScannedForEncodings = 0;
			knownRegions = (
				en,
				Base,
			);
			mainGroup = 43F2C0AA1ED330A10023567A;
			productRefGroup = 43F2C0B41ED330A10023567A /* Products */;
			projectDirPath = "";
			projectRoot = "";
			targets = (
				43F2C0B21ED330A10023567A /* Artmospherez */,
				43F2C0C61ED330A10023567A /* ArtmospherezTests */,
			);
		};
/* End PBXProject section */

/* Begin PBXResourcesBuildPhase section */
		43F2C0B11ED330A10023567A /* Resources */ = {
			isa = PBXResourcesBuildPhase;
			buildActionMask = 2147483647;
			files = (
				43F2C0C11ED330A10023567A /* LaunchScreen.storyboard in Resources */,
				43F2C0BE1ED330A10023567A /* Assets.xcassets in Resources */,
				43F2C0BC1ED330A10023567A /* Main.storyboard in Resources */,
			);
			runOnlyForDeploymentPostprocessing = 0;
		};
		43F2C0C51ED330A10023567A /* Resources */ = {
			isa = PBXResourcesBuildPhase;
			buildActionMask = 2147483647;
			files = (
			);
			runOnlyForDeploymentPostprocessing = 0;
		};
/* End PBXResourcesBuildPhase section */

/* Begin PBXSourcesBuildPhase section */
		43F2C0AF1ED330A10023567A /* Sources */ = {
			isa = PBXSourcesBuildPhase;
			buildActionMask = 2147483647;
			files = (
				43F2C0D71ED331450023567A /* DetailViewController.swift in Sources */,
				43F2C0B91ED330A10023567A /* ViewController.swift in Sources */,
				43F2C0B71ED330A10023567A /* AppDelegate.swift in Sources */,
			);
			runOnlyForDeploymentPostprocessing = 0;
		};
		43F2C0C31ED330A10023567A /* Sources */ = {
			isa = PBXSourcesBuildPhase;
			buildActionMask = 2147483647;
			files = (
				43F2C0CC1ED330A10023567A /* ArtmospherezTests.swift in Sources */,
			);
			runOnlyForDeploymentPostprocessing = 0;
		};
/* End PBXSourcesBuildPhase section */

/* Begin PBXTargetDependency section */
		43F2C0C91ED330A10023567A /* PBXTargetDependency */ = {
			isa = PBXTargetDependency;
			target = 43F2C0B21ED330A10023567A /* Artmospherez */;
			targetProxy = 43F2C0C81ED330A10023567A /* PBXContainerItemProxy */;
		};
/* End PBXTargetDependency section */

/* Begin PBXVariantGroup section */
		43F2C0BA1ED330A10023567A /* Main.storyboard */ = {
			isa = PBXVariantGroup;
			children = (
				43F2C0BB1ED330A10023567A /* Base */,
			);
			name = Main.storyboard;
			sourceTree = "<group>";
		};
		43F2C0BF1ED330A10023567A /* LaunchScreen.storyboard */ = {
			isa = PBXVariantGroup;
			children = (
				43F2C0C01ED330A10023567A /* Base */,
			);
			name = LaunchScreen.storyboard;
			sourceTree = "<group>";
		};
/* End PBXVariantGroup section */

/* Begin XCBuildConfiguration section */
		43F2C0CE1ED330A10023567A /* Debug */ = {
			isa = XCBuildConfiguration;
			buildSettings = {
				ALWAYS_SEARCH_USER_PATHS = NO;
				CLANG_ANALYZER_NONNULL = YES;
				CLANG_ANALYZER_NUMBER_OBJECT_CONVERSION = YES_AGGRESSIVE;
				CLANG_CXX_LANGUAGE_STANDARD = "gnu++0x";
				CLANG_CXX_LIBRARY = "libc++";
				CLANG_ENABLE_MODULES = YES;
				CLANG_ENABLE_OBJC_ARC = YES;
				CLANG_WARN_BOOL_CONVERSION = YES;
				CLANG_WARN_CONSTANT_CONVERSION = YES;
				CLANG_WARN_DIRECT_OBJC_ISA_USAGE = YES_ERROR;
				CLANG_WARN_DOCUMENTATION_COMMENTS = YES;
				CLANG_WARN_EMPTY_BODY = YES;
				CLANG_WARN_ENUM_CONVERSION = YES;
				CLANG_WARN_INFINITE_RECURSION = YES;
				CLANG_WARN_INT_CONVERSION = YES;
				CLANG_WARN_OBJC_ROOT_CLASS = YES_ERROR;
				CLANG_WARN_SUSPICIOUS_MOVE = YES;
				CLANG_WARN_UNREACHABLE_CODE = YES;
				CLANG_WARN__DUPLICATE_METHOD_MATCH = YES;
				"CODE_SIGN_IDENTITY[sdk=iphoneos*]" = "iPhone Developer";
				COPY_PHASE_STRIP = NO;
				DEBUG_INFORMATION_FORMAT = dwarf;
				ENABLE_STRICT_OBJC_MSGSEND = YES;
				ENABLE_TESTABILITY = YES;
				GCC_C_LANGUAGE_STANDARD = gnu99;
				GCC_DYNAMIC_NO_PIC = NO;
				GCC_NO_COMMON_BLOCKS = YES;
				GCC_OPTIMIZATION_LEVEL = 0;
				GCC_PREPROCESSOR_DEFINITIONS = (
					"DEBUG=1",
					"$(inherited)",
				);
				GCC_WARN_64_TO_32_BIT_CONVERSION = YES;
				GCC_WARN_ABOUT_RETURN_TYPE = YES_ERROR;
				GCC_WARN_UNDECLARED_SELECTOR = YES;
				GCC_WARN_UNINITIALIZED_AUTOS = YES_AGGRESSIVE;
				GCC_WARN_UNUSED_FUNCTION = YES;
				GCC_WARN_UNUSED_VARIABLE = YES;
				IPHONEOS_DEPLOYMENT_TARGET = 10.3;
				MTL_ENABLE_DEBUG_INFO = YES;
				ONLY_ACTIVE_ARCH = YES;
				SDKROOT = iphoneos;
				SWIFT_ACTIVE_COMPILATION_CONDITIONS = DEBUG;
				SWIFT_OPTIMIZATION_LEVEL = "-Onone";
			};
			name = Debug;
		};
		43F2C0CF1ED330A10023567A /* Release */ = {
			isa = XCBuildConfiguration;
			buildSettings = {
				ALWAYS_SEARCH_USER_PATHS = NO;
				CLANG_ANALYZER_NONNULL = YES;
				CLANG_ANALYZER_NUMBER_OBJECT_CONVERSION = YES_AGGRESSIVE;
				CLANG_CXX_LANGUAGE_STANDARD = "gnu++0x";
				CLANG_CXX_LIBRARY = "libc++";
				CLANG_ENABLE_MODULES = YES;
				CLANG_ENABLE_OBJC_ARC = YES;
				CLANG_WARN_BOOL_CONVERSION = YES;
				CLANG_WARN_CONSTANT_CONVERSION = YES;
				CLANG_WARN_DIRECT_OBJC_ISA_USAGE = YES_ERROR;
				CLANG_WARN_DOCUMENTATION_COMMENTS = YES;
				CLANG_WARN_EMPTY_BODY = YES;
				CLANG_WARN_ENUM_CONVERSION = YES;
				CLANG_WARN_INFINITE_RECURSION = YES;
				CLANG_WARN_INT_CONVERSION = YES;
				CLANG_WARN_OBJC_ROOT_CLASS = YES_ERROR;
				CLANG_WARN_SUSPICIOUS_MOVE = YES;
				CLANG_WARN_UNREACHABLE_CODE = YES;
				CLANG_WARN__DUPLICATE_METHOD_MATCH = YES;
				"CODE_SIGN_IDENTITY[sdk=iphoneos*]" = "iPhone Developer";
				COPY_PHASE_STRIP = NO;
				DEBUG_INFORMATION_FORMAT = "dwarf-with-dsym";
				ENABLE_NS_ASSERTIONS = NO;
				ENABLE_STRICT_OBJC_MSGSEND = YES;
				GCC_C_LANGUAGE_STANDARD = gnu99;
				GCC_NO_COMMON_BLOCKS = YES;
				GCC_WARN_64_TO_32_BIT_CONVERSION = YES;
				GCC_WARN_ABOUT_RETURN_TYPE = YES_ERROR;
				GCC_WARN_UNDECLARED_SELECTOR = YES;
				GCC_WARN_UNINITIALIZED_AUTOS = YES_AGGRESSIVE;
				GCC_WARN_UNUSED_FUNCTION = YES;
				GCC_WARN_UNUSED_VARIABLE = YES;
				IPHONEOS_DEPLOYMENT_TARGET = 10.3;
				MTL_ENABLE_DEBUG_INFO = NO;
				SDKROOT = iphoneos;
				SWIFT_OPTIMIZATION_LEVEL = "-Owholemodule";
				VALIDATE_PRODUCT = YES;
			};
			name = Release;
		};
		43F2C0D11ED330A10023567A /* Debug */ = {
			isa = XCBuildConfiguration;
			buildSettings = {
				ASSETCATALOG_COMPILER_APPICON_NAME = AppIcon;
				DEVELOPMENT_TEAM = 65PRBW7K5C;
				INFOPLIST_FILE = Artmospherez/Info.plist;
				LD_RUNPATH_SEARCH_PATHS = "$(inherited) @executable_path/Frameworks";
				PRODUCT_BUNDLE_IDENTIFIER = com.natebirkholz.Artmospherez;
				PRODUCT_NAME = "$(TARGET_NAME)";
				SWIFT_VERSION = 3.0;
			};
			name = Debug;
		};
		43F2C0D21ED330A10023567A /* Release */ = {
			isa = XCBuildConfiguration;
			buildSettings = {
				ASSETCATALOG_COMPILER_APPICON_NAME = AppIcon;
				DEVELOPMENT_TEAM = 65PRBW7K5C;
				INFOPLIST_FILE = Artmospherez/Info.plist;
				LD_RUNPATH_SEARCH_PATHS = "$(inherited) @executable_path/Frameworks";
				PRODUCT_BUNDLE_IDENTIFIER = com.natebirkholz.Artmospherez;
				PRODUCT_NAME = "$(TARGET_NAME)";
				SWIFT_VERSION = 3.0;
			};
			name = Release;
		};
		43F2C0D41ED330A10023567A /* Debug */ = {
			isa = XCBuildConfiguration;
			buildSettings = {
				ALWAYS_EMBED_SWIFT_STANDARD_LIBRARIES = YES;
				BUNDLE_LOADER = "$(TEST_HOST)";
				DEVELOPMENT_TEAM = 65PRBW7K5C;
				INFOPLIST_FILE = ArtmospherezTests/Info.plist;
				LD_RUNPATH_SEARCH_PATHS = "$(inherited) @executable_path/Frameworks @loader_path/Frameworks";
				PRODUCT_BUNDLE_IDENTIFIER = com.natebirkholz.ArtmospherezTests;
				PRODUCT_NAME = "$(TARGET_NAME)";
				SWIFT_VERSION = 3.0;
				TEST_HOST = "$(BUILT_PRODUCTS_DIR)/Artmospherez.app/Artmospherez";
			};
			name = Debug;
		};
		43F2C0D51ED330A10023567A /* Release */ = {
			isa = XCBuildConfiguration;
			buildSettings = {
				ALWAYS_EMBED_SWIFT_STANDARD_LIBRARIES = YES;
				BUNDLE_LOADER = "$(TEST_HOST)";
				DEVELOPMENT_TEAM = 65PRBW7K5C;
				INFOPLIST_FILE = ArtmospherezTests/Info.plist;
				LD_RUNPATH_SEARCH_PATHS = "$(inherited) @executable_path/Frameworks @loader_path/Frameworks";
				PRODUCT_BUNDLE_IDENTIFIER = com.natebirkholz.ArtmospherezTests;
				PRODUCT_NAME = "$(TARGET_NAME)";
				SWIFT_VERSION = 3.0;
				TEST_HOST = "$(BUILT_PRODUCTS_DIR)/Artmospherez.app/Artmospherez";
			};
			name = Release;
		};
/* End XCBuildConfiguration section */

/* Begin XCConfigurationList section */
		43F2C0AE1ED330A10023567A /* Build configuration list for PBXProject "Artmospherez" */ = {
			isa = XCConfigurationList;
			buildConfigurations = (
				43F2C0CE1ED330A10023567A /* Debug */,
				43F2C0CF1ED330A10023567A /* Release */,
			);
			defaultConfigurationIsVisible = 0;
			defaultConfigurationName = Release;
		};
		43F2C0D01ED330A10023567A /* Build configuration list for PBXNativeTarget "Artmospherez" */ = {
			isa = XCConfigurationList;
			buildConfigurations = (
				43F2C0D11ED330A10023567A /* Debug */,
				43F2C0D21ED330A10023567A /* Release */,
			);
			defaultConfigurationIsVisible = 0;
		};
		43F2C0D31ED330A10023567A /* Build configuration list for PBXNativeTarget "ArtmospherezTests" */ = {
			isa = XCConfigurationList;
			buildConfigurations = (
				43F2C0D41ED330A10023567A /* Debug */,
				43F2C0D51ED330A10023567A /* Release */,
			);
			defaultConfigurationIsVisible = 0;
		};
/* End XCConfigurationList section */
	};
	rootObject = 43F2C0AB1ED330A10023567A /* Project object */;
}
